
Microsoft Visual Studio Solution File, Format Version 12.00
# Visual Studio Version 17
VisualStudioVersion = 17.7.34202.233
MinimumVisualStudioVersion = 10.0.40219.1
Project("{9A19103F-16F7-4668-BE54-9A1E7A4F7556}") = "RealShop.Api", "RealShop.Api\RealShop.Api.csproj", "{18B62B02-A106-4BEC-9189-54FC4F413667}"
EndProject
Project("{9A19103F-16F7-4668-BE54-9A1E7A4F7556}") = "RealShop.Data", "RealShop.Data\RealShop.Data.csproj", "{BCF8F0D7-EC83-41D4-ACBF-BED2FF4E086C}"
EndProject
Project("{9A19103F-16F7-4668-BE54-9A1E7A4F7556}") = "RealShop.Domain", "RealShop.Domain\RealShop.Domain.csproj", "{1AE34DDE-4C43-4EF4-8018-9FB955942DAE}"
EndProject
Project("{9A19103F-16F7-4668-BE54-9A1E7A4F7556}") = "RealShop.Services", "RealShop.Services\RealShop.Services.csproj", "{1DC4F92E-43CE-4373-B0E5-276FB1C1F8C0}"
EndProject
Project("{2150E333-8FDC-42A3-9474-1A3956D46DE8}") = "scr", "scr", "{E9FB2844-0C01-4F98-A281-19FB5E32EC82}"
EndProject
Global
	GlobalSection(SolutionConfigurationPlatforms) = preSolution
		Debug|Any CPU = Debug|Any CPU
		Release|Any CPU = Release|Any CPU
	EndGlobalSection
	GlobalSection(ProjectConfigurationPlatforms) = postSolution
		{18B62B02-A106-4BEC-9189-54FC4F413667}.Debug|Any CPU.ActiveCfg = Debug|Any CPU
		{18B62B02-A106-4BEC-9189-54FC4F413667}.Debug|Any CPU.Build.0 = Debug|Any CPU
		{18B62B02-A106-4BEC-9189-54FC4F413667}.Release|Any CPU.ActiveCfg = Release|Any CPU
		{18B62B02-A106-4BEC-9189-54FC4F413667}.Release|Any CPU.Build.0 = Release|Any CPU
		{BCF8F0D7-EC83-41D4-ACBF-BED2FF4E086C}.Debug|Any CPU.ActiveCfg = Debug|Any CPU
		{BCF8F0D7-EC83-41D4-ACBF-BED2FF4E086C}.Debug|Any CPU.Build.0 = Debug|Any CPU
		{BCF8F0D7-EC83-41D4-ACBF-BED2FF4E086C}.Release|Any CPU.ActiveCfg = Release|Any CPU
		{BCF8F0D7-EC83-41D4-ACBF-BED2FF4E086C}.Release|Any CPU.Build.0 = Release|Any CPU
		{1AE34DDE-4C43-4EF4-8018-9FB955942DAE}.Debug|Any CPU.ActiveCfg = Debug|Any CPU
		{1AE34DDE-4C43-4EF4-8018-9FB955942DAE}.Debug|Any CPU.Build.0 = Debug|Any CPU
		{1AE34DDE-4C43-4EF4-8018-9FB955942DAE}.Release|Any CPU.ActiveCfg = Release|Any CPU
		{1AE34DDE-4C43-4EF4-8018-9FB955942DAE}.Release|Any CPU.Build.0 = Release|Any CPU
		{1DC4F92E-43CE-4373-B0E5-276FB1C1F8C0}.Debug|Any CPU.ActiveCfg = Debug|Any CPU
		{1DC4F92E-43CE-4373-B0E5-276FB1C1F8C0}.Debug|Any CPU.Build.0 = Debug|Any CPU
		{1DC4F92E-43CE-4373-B0E5-276FB1C1F8C0}.Release|Any CPU.ActiveCfg = Release|Any CPU
		{1DC4F92E-43CE-4373-B0E5-276FB1C1F8C0}.Release|Any CPU.Build.0 = Release|Any CPU
	EndGlobalSection
	GlobalSection(SolutionProperties) = preSolution
		HideSolutionNode = FALSE
	EndGlobalSection
	GlobalSection(NestedProjects) = preSolution
		{18B62B02-A106-4BEC-9189-54FC4F413667} = {E9FB2844-0C01-4F98-A281-19FB5E32EC82}
		{BCF8F0D7-EC83-41D4-ACBF-BED2FF4E086C} = {E9FB2844-0C01-4F98-A281-19FB5E32EC82}
		{1AE34DDE-4C43-4EF4-8018-9FB955942DAE} = {E9FB2844-0C01-4F98-A281-19FB5E32EC82}
		{1DC4F92E-43CE-4373-B0E5-276FB1C1F8C0} = {E9FB2844-0C01-4F98-A281-19FB5E32EC82}
	EndGlobalSection
	GlobalSection(ExtensibilityGlobals) = postSolution
		SolutionGuid = {66A12EDA-FFB1-4B87-A188-6780CC485E4D}
	EndGlobalSection
EndGlobal
